// !$*UTF8*$!
{
	archiveVersion = 1;
	classes = {
	};
	objectVersion = 56;
	objects = {

/* Begin PBXBuildFile section */
		BB0000000000000000000001 /* main.swift in Sources */ = {isa = PBXBuildFile; fileRef = AA0000000000000000000001 /* main.swift */; };
		BB0000000000000000000002 /* NativeWindowSmokeTests.swift in Sources */ = {isa = PBXBuildFile; fileRef = AA0000000000000000000002 /* NativeWindowSmokeTests.swift */; };
/* End PBXBuildFile section */

/* Begin PBXContainerItemProxy section */
		140000000000000000000002 /* PBXContainerItemProxy */ = {
			isa = PBXContainerItemProxy;
			containerPortal = FF0000000000000000000001 /* Project object */;
			proxyType = 1;
			remoteGlobalIDString = DD0000000000000000000001;
			remoteInfo = HarnessHost;
		};
/* End PBXContainerItemProxy section */

/* Begin PBXFileReference section */
		AA0000000000000000000001 /* main.swift */ = {isa = PBXFileReference; lastKnownFileType = sourcecode.swift; path = main.swift; sourceTree = "<group>"; };
		AA0000000000000000000002 /* NativeWindowSmokeTests.swift */ = {isa = PBXFileReference; lastKnownFileType = sourcecode.swift; path = NativeWindowSmokeTests.swift; sourceTree = "<group>"; };
		AA0000000000000000000003 /* HarnessHost.app */ = {isa = PBXFileReference; explicitFileType = wrapper.application; includeInIndex = 0; path = HarnessHost.app; sourceTree = BUILT_PRODUCTS_DIR; };
		AA0000000000000000000004 /* JuraDropUITests.xctest */ = {isa = PBXFileReference; explicitFileType = wrapper.cfbundle; includeInIndex = 0; path = JuraDropUITests.xctest; sourceTree = BUILT_PRODUCTS_DIR; };
/* End PBXFileReference section */

/* Begin PBXFrameworksBuildPhase section */
		EE0000000000000000000003 /* Frameworks */ = {
			isa = PBXFrameworksBuildPhase;
			buildActionMask = 2147483647;
			files = (
			);
			runOnlyForDeploymentPostprocessing = 0;
		};
		EE0000000000000000000004 /* Frameworks */ = {
			isa = PBXFrameworksBuildPhase;
			buildActionMask = 2147483647;
			files = (
			);
			runOnlyForDeploymentPostprocessing = 0;
		};
/* End PBXFrameworksBuildPhase section */

/* Begin PBXGroup section */
		CC0000000000000000000001 = {
			isa = PBXGroup;
			children = (
				CC0000000000000000000002 /* HarnessHost */,
				CC0000000000000000000003 /* JuraDropUITests */,
				CC0000000000000000000004 /* Products */,
			);
			sourceTree = "<group>";
		};
		CC0000000000000000000002 /* HarnessHost */ = {
			isa = PBXGroup;
			children = (
				AA0000000000000000000001 /* main.swift */,
			);
			path = HarnessHost;
			sourceTree = "<group>";
		};
		CC0000000000000000000003 /* JuraDropUITests */ = {
			isa = PBXGroup;
			children = (
				AA0000000000000000000002 /* NativeWindowSmokeTests.swift */,
			);
			path = JuraDropUITests;
			sourceTree = "<group>";
		};
		CC0000000000000000000004 /* Products */ = {
			isa = PBXGroup;
			children = (
				AA0000000000000000000003 /* HarnessHost.app */,
				AA0000000000000000000004 /* JuraDropUITests.xctest */,
			);
			name = Products;
			sourceTree = "<group>";
		};
/* End PBXGroup section */

/* Begin PBXNativeTarget section */
		DD0000000000000000000001 /* HarnessHost */ = {
			isa = PBXNativeTarget;
			buildConfigurationList = 12000000000000000000000A /* Build configuration list for PBXNativeTarget "HarnessHost" */;
			buildPhases = (
				EE0000000000000000000001 /* Sources */,
				EE0000000000000000000003 /* Frameworks */,
			);
			buildRules = (
			);
			dependencies = (
			);
			name = HarnessHost;
			productName = HarnessHost;
			productReference = AA0000000000000000000003 /* HarnessHost.app */;
			productType = "com.apple.product-type.application";
		};
		DD0000000000000000000002 /* JuraDropUITests */ = {
			isa = PBXNativeTarget;
			buildConfigurationList = 13000000000000000000000A /* Build configuration list for PBXNativeTarget "JuraDropUITests" */;
			buildPhases = (
				EE0000000000000000000002 /* Sources */,
				EE0000000000000000000004 /* Frameworks */,
			);
			buildRules = (
			);
			dependencies = (
				140000000000000000000001 /* PBXTargetDependency */,
			);
			name = JuraDropUITests;
			productName = JuraDropUITests;
			productReference = AA0000000000000000000004 /* JuraDropUITests.xctest */;
			productType = "com.apple.product-type.bundle.ui-testing";
		};
/* End PBXNativeTarget section */

/* Begin PBXProject section */
		FF0000000000000000000001 /* Project object */ = {
			isa = PBXProject;
			attributes = {
				BuildIndependentTargetsInParallel = 1;
				LastSwiftUpdateCheck = 1500;
				LastUpgradeCheck = 1500;
				TargetAttributes = {
					DD0000000000000000000002 = {
						TestTargetID = DD0000000000000000000001;
					};
				};
			};
			buildConfigurationList = 11000000000000000000000A /* Build configuration list for PBXProject "JuraDropUITests" */;
			compatibilityVersion = "Xcode 14.0";
			developmentRegion = en;
			hasScannedForEncodings = 0;
			knownRegions = (
				en,
				Base,
			);
			mainGroup = CC0000000000000000000001;
			productRefGroup = CC0000000000000000000004 /* Products */;
			projectDirPath = "";
			projectRoot = "";
			targets = (
				DD0000000000000000000001 /* HarnessHost */,
				DD0000000000000000000002 /* JuraDropUITests */,
			);
		};
/* End PBXProject section */

/* Begin PBXSourcesBuildPhase section */
		EE0000000000000000000001 /* Sources */ = {
			isa = PBXSourcesBuildPhase;
			buildActionMask = 2147483647;
			files = (
				BB0000000000000000000001 /* main.swift in Sources */,
			);
			runOnlyForDeploymentPostprocessing = 0;
		};
		EE0000000000000000000002 /* Sources */ = {
			isa = PBXSourcesBuildPhase;
			buildActionMask = 2147483647;
			files = (
				BB0000000000000000000002 /* NativeWindowSmokeTests.swift in Sources */,
			);
			runOnlyForDeploymentPostprocessing = 0;
		};
/* End PBXSourcesBuildPhase section */

/* Begin PBXTargetDependency section */
		140000000000000000000001 /* PBXTargetDependency */ = {
			isa = PBXTargetDependency;
			target = DD0000000000000000000001 /* HarnessHost */;
			targetProxy = 140000000000000000000002 /* PBXContainerItemProxy */;
		};
/* End PBXTargetDependency section */

/* Begin XCBuildConfiguration section */
		110000000000000000000001 /* Debug */ = {
			isa = XCBuildConfiguration;
			buildSettings = {
				ALWAYS_SEARCH_USER_PATHS = NO;
				CODE_SIGNING_REQUIRED = NO;
				CODE_SIGN_IDENTITY = "-";
				CODE_SIGN_STYLE = Manual;
				DEVELOPMENT_TEAM = "";
				MACOSX_DEPLOYMENT_TARGET = 13.0;
				ONLY_ACTIVE_ARCH = YES;
				SDKROOT = macosx;
				SWIFT_ACTIVE_COMPILATION_CONDITIONS = DEBUG;
				SWIFT_OPTIMIZATION_LEVEL = "-Onone";
				SWIFT_VERSION = 5.0;
			};
			name = Debug;
		};
		110000000000000000000002 /* Release */ = {
			isa = XCBuildConfiguration;
			buildSettings = {
				ALWAYS_SEARCH_USER_PATHS = NO;
				CODE_SIGNING_REQUIRED = NO;
				CODE_SIGN_IDENTITY = "-";
				CODE_SIGN_STYLE = Manual;
				DEVELOPMENT_TEAM = "";
				MACOSX_DEPLOYMENT_TARGET = 13.0;
				SDKROOT = macosx;
				SWIFT_VERSION = 5.0;
			};
			name = Release;
		};
		120000000000000000000001 /* Debug */ = {
			isa = XCBuildConfiguration;
			buildSettings = {
				GENERATE_INFOPLIST_FILE = YES;
				PRODUCT_BUNDLE_IDENTIFIER = se.noisycricket.juradrop.harnesshost;
				PRODUCT_NAME = "$(TARGET_NAME)";
			};
			name = Debug;
		};
		120000000000000000000002 /* Release */ = {
			isa = XCBuildConfiguration;
			buildSettings = {
				GENERATE_INFOPLIST_FILE = YES;
				PRODUCT_BUNDLE_IDENTIFIER = se.noisycricket.juradrop.harnesshost;
				PRODUCT_NAME = "$(TARGET_NAME)";
			};
			name = Release;
		};
		130000000000000000000001 /* Debug */ = {
			isa = XCBuildConfiguration;
			buildSettings = {
				GENERATE_INFOPLIST_FILE = YES;
				PRODUCT_BUNDLE_IDENTIFIER = se.noisycricket.juradrop.uitests;
				PRODUCT_NAME = "$(TARGET_NAME)";
				TEST_TARGET_NAME = HarnessHost;
			};
			name = Debug;
		};
		130000000000000000000002 /* Release */ = {
			isa = XCBuildConfiguration;
			buildSettings = {
				GENERATE_INFOPLIST_FILE = YES;
				PRODUCT_BUNDLE_IDENTIFIER = se.noisycricket.juradrop.uitests;
				PRODUCT_NAME = "$(TARGET_NAME)";
				TEST_TARGET_NAME = HarnessHost;
			};
			name = Release;
		};
/* End XCBuildConfiguration section */

/* Begin XCConfigurationList section */
		11000000000000000000000A /* Build configuration list for PBXProject "JuraDropUITests" */ = {
			isa = XCConfigurationList;
			buildConfigurations = (
				110000000000000000000001 /* Debug */,
				110000000000000000000002 /* Release */,
			);
			defaultConfigurationIsVisible = 0;
			defaultConfigurationName = Release;
		};
		12000000000000000000000A /* Build configuration list for PBXNativeTarget "HarnessHost" */ = {
			isa = XCConfigurationList;
			buildConfigurations = (
				120000000000000000000001 /* Debug */,
				120000000000000000000002 /* Release */,
			);
			defaultConfigurationIsVisible = 0;
			defaultConfigurationName = Release;
		};
		13000000000000000000000A /* Build configuration list for PBXNativeTarget "JuraDropUITests" */ = {
			isa = XCConfigurationList;
			buildConfigurations = (
				130000000000000000000001 /* Debug */,
				130000000000000000000002 /* Release */,
			);
			defaultConfigurationIsVisible = 0;
			defaultConfigurationName = Release;
		};
/* End XCConfigurationList section */
	};
	rootObject = FF0000000000000000000001 /* Project object */;
}
